// !$*UTF8*$!
{
	archiveVersion = 1;
	classes = {
	};
	objectVersion = 55;
	objects = {

/* Begin PBXBuildFile section */
		8DFF0BCF2789C75B002586F3 /* TripsApp.swift in Sources */ = {isa = PBXBuildFile; fileRef = 8DFF0BCE2789C75B002586F3 /* TripsApp.swift */; };
		8DFF0BD32789C75C002586F3 /* Assets.xcassets in Resources */ = {isa = PBXBuildFile; fileRef = 8DFF0BD22789C75C002586F3 /* Assets.xcassets */; };
		8DFF0BD62789C75C002586F3 /* Preview Assets.xcassets in Resources */ = {isa = PBXBuildFile; fileRef = 8DFF0BD52789C75C002586F3 /* Preview Assets.xcassets */; };
		8DFF0BDD2789C8A5002586F3 /* trip-list-screen.json in Resources */ = {isa = PBXBuildFile; fileRef = 8DFF0BDC2789C8A5002586F3 /* trip-list-screen.json */; };
		8DFF0BE02789C8C9002586F3 /* TripListScreen.swift in Sources */ = {isa = PBXBuildFile; fileRef = 8DFF0BDF2789C8C9002586F3 /* TripListScreen.swift */; };
		8DFF0BE42789CA01002586F3 /* Webservice.swift in Sources */ = {isa = PBXBuildFile; fileRef = 8DFF0BE32789CA01002586F3 /* Webservice.swift */; };
		8DFF0BE72789CA46002586F3 /* ScreenLayout.swift in Sources */ = {isa = PBXBuildFile; fileRef = 8DFF0BE62789CA46002586F3 /* ScreenLayout.swift */; };
		8DFF0BE92789CA80002586F3 /* UIComponent.swift in Sources */ = {isa = PBXBuildFile; fileRef = 8DFF0BE82789CA80002586F3 /* UIComponent.swift */; };
		8DFF0BEC2789CAD1002586F3 /* Constants.swift in Sources */ = {isa = PBXBuildFile; fileRef = 8DFF0BEB2789CAD1002586F3 /* Constants.swift */; };
		8DFF0BEE2789CC01002586F3 /* ComponentLayout.swift in Sources */ = {isa = PBXBuildFile; fileRef = 8DFF0BED2789CC01002586F3 /* ComponentLayout.swift */; };
		8DFF0BF12789D167002586F3 /* TripListViewModel.swift in Sources */ = {isa = PBXBuildFile; fileRef = 8DFF0BF02789D167002586F3 /* TripListViewModel.swift */; };
		8DFF0BF42789D21F002586F3 /* Dictionary+Extensions.swift in Sources */ = {isa = PBXBuildFile; fileRef = 8DFF0BF32789D21F002586F3 /* Dictionary+Extensions.swift */; };
		8DFF0BF7278A2F5C002586F3 /* HeaderImageUIModel.swift in Sources */ = {isa = PBXBuildFile; fileRef = 8DFF0BF6278A2F5C002586F3 /* HeaderImageUIModel.swift */; };
		8DFF0BF9278A3026002586F3 /* HeaderImage.swift in Sources */ = {isa = PBXBuildFile; fileRef = 8DFF0BF8278A3026002586F3 /* HeaderImage.swift */; };
		8DFF0BFB278A304E002586F3 /* View+Extensions.swift in Sources */ = {isa = PBXBuildFile; fileRef = 8DFF0BFA278A304E002586F3 /* View+Extensions.swift */; };
		8DFF0BFE278A33AD002586F3 /* HeaderImageView.swift in Sources */ = {isa = PBXBuildFile; fileRef = 8DFF0BFD278A33AD002586F3 /* HeaderImageView.swift */; };
		8DFF0C00278A425C002586F3 /* DetailRow.swift in Sources */ = {isa = PBXBuildFile; fileRef = 8DFF0BFF278A425C002586F3 /* DetailRow.swift */; };
		8DFF0C02278A4280002586F3 /* DetailRowUIModel.swift in Sources */ = {isa = PBXBuildFile; fileRef = 8DFF0C01278A4280002586F3 /* DetailRowUIModel.swift */; };
		8DFF0C04278A42A8002586F3 /* DetailRowView.swift in Sources */ = {isa = PBXBuildFile; fileRef = 8DFF0C03278A42A8002586F3 /* DetailRowView.swift */; };
		8DFF0C06278A453E002586F3 /* AnyDecodable.swift in Sources */ = {isa = PBXBuildFile; fileRef = 8DFF0C05278A453E002586F3 /* AnyDecodable.swift */; };
		8DFF0C08278A65D7002586F3 /* trip-list-screen-backup.json in Resources */ = {isa = PBXBuildFile; fileRef = 8DFF0C07278A65D7002586F3 /* trip-list-screen-backup.json */; };
		8DFF0C0A278B29C7002586F3 /* ListUIModel.swift in Sources */ = {isa = PBXBuildFile; fileRef = 8DFF0C09278B29C7002586F3 /* ListUIModel.swift */; };
		8DFF0C0C278B2A64002586F3 /* ListItemUIModel.swift in Sources */ = {isa = PBXBuildFile; fileRef = 8DFF0C0B278B2A64002586F3 /* ListItemUIModel.swift */; };
		8DFF0C0E278B2B65002586F3 /* FlatList.swift in Sources */ = {isa = PBXBuildFile; fileRef = 8DFF0C0D278B2B65002586F3 /* FlatList.swift */; };
		8DFF0C10278B4999002586F3 /* Array+Extension.swift in Sources */ = {isa = PBXBuildFile; fileRef = 8DFF0C0F278B4999002586F3 /* Array+Extension.swift */; };
		8DFF0C12278B4BE6002586F3 /* ArtworkRowUIModel.swift in Sources */ = {isa = PBXBuildFile; fileRef = 8DFF0C11278B4BE6002586F3 /* ArtworkRowUIModel.swift */; };
		8DFF0C14278B4C38002586F3 /* ArtworkRowView.swift in Sources */ = {isa = PBXBuildFile; fileRef = 8DFF0C13278B4C38002586F3 /* ArtworkRowView.swift */; };
/* End PBXBuildFile section */

/* Begin PBXFileReference section */
		8DFF0BCB2789C75B002586F3 /* Trips.app */ = {isa = PBXFileReference; explicitFileType = wrapper.application; includeInIndex = 0; path = Trips.app; sourceTree = BUILT_PRODUCTS_DIR; };
		8DFF0BCE2789C75B002586F3 /* TripsApp.swift */ = {isa = PBXFileReference; lastKnownFileType = sourcecode.swift; path = TripsApp.swift; sourceTree = "<group>"; };
		8DFF0BD22789C75C002586F3 /* Assets.xcassets */ = {isa = PBXFileReference; lastKnownFileType = folder.assetcatalog; path = Assets.xcassets; sourceTree = "<group>"; };
		8DFF0BD52789C75C002586F3 /* Preview Assets.xcassets */ = {isa = PBXFileReference; lastKnownFileType = folder.assetcatalog; path = "Preview Assets.xcassets"; sourceTree = "<group>"; };
		8DFF0BDC2789C8A5002586F3 /* trip-list-screen.json */ = {isa = PBXFileReference; lastKnownFileType = text.json; path = "trip-list-screen.json"; sourceTree = "<group>"; };
		8DFF0BDF2789C8C9002586F3 /* TripListScreen.swift */ = {isa = PBXFileReference; lastKnownFileType = sourcecode.swift; path = TripListScreen.swift; sourceTree = "<group>"; };
		8DFF0BE32789CA01002586F3 /* Webservice.swift */ = {isa = PBXFileReference; lastKnownFileType = sourcecode.swift; path = Webservice.swift; sourceTree = "<group>"; };
		8DFF0BE62789CA46002586F3 /* ScreenLayout.swift */ = {isa = PBXFileReference; lastKnownFileType = sourcecode.swift; path = ScreenLayout.swift; sourceTree = "<group>"; };
		8DFF0BE82789CA80002586F3 /* UIComponent.swift */ = {isa = PBXFileReference; lastKnownFileType = sourcecode.swift; path = UIComponent.swift; sourceTree = "<group>"; };
		8DFF0BEB2789CAD1002586F3 /* Constants.swift */ = {isa = PBXFileReference; lastKnownFileType = sourcecode.swift; path = Constants.swift; sourceTree = "<group>"; };
		8DFF0BED2789CC01002586F3 /* ComponentLayout.swift */ = {isa = PBXFileReference; lastKnownFileType = sourcecode.swift; path = ComponentLayout.swift; sourceTree = "<group>"; };
		8DFF0BF02789D167002586F3 /* TripListViewModel.swift */ = {isa = PBXFileReference; lastKnownFileType = sourcecode.swift; path = TripListViewModel.swift; sourceTree = "<group>"; };
		8DFF0BF32789D21F002586F3 /* Dictionary+Extensions.swift */ = {isa = PBXFileReference; lastKnownFileType = sourcecode.swift; path = "Dictionary+Extensions.swift"; sourceTree = "<group>"; };
		8DFF0BF6278A2F5C002586F3 /* HeaderImageUIModel.swift */ = {isa = PBXFileReference; lastKnownFileType = sourcecode.swift; path = HeaderImageUIModel.swift; sourceTree = "<group>"; };
		8DFF0BF8278A3026002586F3 /* HeaderImage.swift */ = {isa = PBXFileReference; lastKnownFileType = sourcecode.swift; path = HeaderImage.swift; sourceTree = "<group>"; };
		8DFF0BFA278A304E002586F3 /* View+Extensions.swift */ = {isa = PBXFileReference; lastKnownFileType = sourcecode.swift; path = "View+Extensions.swift"; sourceTree = "<group>"; };
		8DFF0BFD278A33AD002586F3 /* HeaderImageView.swift */ = {isa = PBXFileReference; lastKnownFileType = sourcecode.swift; path = HeaderImageView.swift; sourceTree = "<group>"; };
		8DFF0BFF278A425C002586F3 /* DetailRow.swift */ = {isa = PBXFileReference; lastKnownFileType = sourcecode.swift; path = DetailRow.swift; sourceTree = "<group>"; };
		8DFF0C01278A4280002586F3 /* DetailRowUIModel.swift */ = {isa = PBXFileReference; lastKnownFileType = sourcecode.swift; path = DetailRowUIModel.swift; sourceTree = "<group>"; };
		8DFF0C03278A42A8002586F3 /* DetailRowView.swift */ = {isa = PBXFileReference; lastKnownFileType = sourcecode.swift; path = DetailRowView.swift; sourceTree = "<group>"; };
		8DFF0C05278A453E002586F3 /* AnyDecodable.swift */ = {isa = PBXFileReference; lastKnownFileType = sourcecode.swift; path = AnyDecodable.swift; sourceTree = "<group>"; };
		8DFF0C07278A65D7002586F3 /* trip-list-screen-backup.json */ = {isa = PBXFileReference; lastKnownFileType = text.json; path = "trip-list-screen-backup.json"; sourceTree = "<group>"; };
		8DFF0C09278B29C7002586F3 /* ListUIModel.swift */ = {isa = PBXFileReference; lastKnownFileType = sourcecode.swift; path = ListUIModel.swift; sourceTree = "<group>"; };
		8DFF0C0B278B2A64002586F3 /* ListItemUIModel.swift */ = {isa = PBXFileReference; lastKnownFileType = sourcecode.swift; path = ListItemUIModel.swift; sourceTree = "<group>"; };
		8DFF0C0D278B2B65002586F3 /* FlatList.swift */ = {isa = PBXFileReference; lastKnownFileType = sourcecode.swift; path = FlatList.swift; sourceTree = "<group>"; };
		8DFF0C0F278B4999002586F3 /* Array+Extension.swift */ = {isa = PBXFileReference; lastKnownFileType = sourcecode.swift; path = "Array+Extension.swift"; sourceTree = "<group>"; };
		8DFF0C11278B4BE6002586F3 /* ArtworkRowUIModel.swift */ = {isa = PBXFileReference; lastKnownFileType = sourcecode.swift; path = ArtworkRowUIModel.swift; sourceTree = "<group>"; };
		8DFF0C13278B4C38002586F3 /* ArtworkRowView.swift */ = {isa = PBXFileReference; lastKnownFileType = sourcecode.swift; path = ArtworkRowView.swift; sourceTree = "<group>"; };
/* End PBXFileReference section */

/* Begin PBXFrameworksBuildPhase section */
		8DFF0BC82789C75B002586F3 /* Frameworks */ = {
			isa = PBXFrameworksBuildPhase;
			buildActionMask = 2147483647;
			files = (
			);
			runOnlyForDeploymentPostprocessing = 0;
		};
/* End PBXFrameworksBuildPhase section */

/* Begin PBXGroup section */
		8DFF0BC22789C75B002586F3 = {
			isa = PBXGroup;
			children = (
				8DFF0BCD2789C75B002586F3 /* Trips */,
				8DFF0BCC2789C75B002586F3 /* Products */,
			);
			sourceTree = "<group>";
		};
		8DFF0BCC2789C75B002586F3 /* Products */ = {
			isa = PBXGroup;
			children = (
				8DFF0BCB2789C75B002586F3 /* Trips.app */,
			);
			name = Products;
			sourceTree = "<group>";
		};
		8DFF0BCD2789C75B002586F3 /* Trips */ = {
			isa = PBXGroup;
			children = (
				8DFF0BFC278A338E002586F3 /* Views */,
				8DFF0BF5278A2F4D002586F3 /* UI Models */,
				8DFF0BF22789D200002586F3 /* Extensions */,
				8DFF0BEF2789D15B002586F3 /* View Models */,
				8DFF0BEA2789CAC7002586F3 /* Utils */,
				8DFF0BE52789CA2E002586F3 /* DTOs */,
				8DFF0BE22789C9F1002586F3 /* Services */,
				8DFF0BE12789C961002586F3 /* Components */,
				8DFF0BDE2789C8B7002586F3 /* Screens */,
				8DFF0BCE2789C75B002586F3 /* TripsApp.swift */,
				8DFF0BD22789C75C002586F3 /* Assets.xcassets */,
				8DFF0BD42789C75C002586F3 /* Preview Content */,
			);
			path = Trips;
			sourceTree = "<group>";
		};
		8DFF0BD42789C75C002586F3 /* Preview Content */ = {
			isa = PBXGroup;
			children = (
				8DFF0BD52789C75C002586F3 /* Preview Assets.xcassets */,
				8DFF0BDC2789C8A5002586F3 /* trip-list-screen.json */,
				8DFF0C07278A65D7002586F3 /* trip-list-screen-backup.json */,
			);
			path = "Preview Content";
			sourceTree = "<group>";
		};
		8DFF0BDE2789C8B7002586F3 /* Screens */ = {
			isa = PBXGroup;
			children = (
				8DFF0BDF2789C8C9002586F3 /* TripListScreen.swift */,
			);
			path = Screens;
			sourceTree = "<group>";
		};
		8DFF0BE12789C961002586F3 /* Components */ = {
			isa = PBXGroup;
			children = (
				8DFF0BE82789CA80002586F3 /* UIComponent.swift */,
				8DFF0BF8278A3026002586F3 /* HeaderImage.swift */,
				8DFF0BFF278A425C002586F3 /* DetailRow.swift */,
				8DFF0C0D278B2B65002586F3 /* FlatList.swift */,
			);
			path = Components;
			sourceTree = "<group>";
		};
		8DFF0BE22789C9F1002586F3 /* Services */ = {
			isa = PBXGroup;
			children = (
				8DFF0BE32789CA01002586F3 /* Webservice.swift */,
			);
			path = Services;
			sourceTree = "<group>";
		};
		8DFF0BE52789CA2E002586F3 /* DTOs */ = {
			isa = PBXGroup;
			children = (
				8DFF0BE62789CA46002586F3 /* ScreenLayout.swift */,
				8DFF0BED2789CC01002586F3 /* ComponentLayout.swift */,
				8DFF0C05278A453E002586F3 /* AnyDecodable.swift */,
			);
			path = DTOs;
			sourceTree = "<group>";
		};
		8DFF0BEA2789CAC7002586F3 /* Utils */ = {
			isa = PBXGroup;
			children = (
				8DFF0BEB2789CAD1002586F3 /* Constants.swift */,
			);
			path = Utils;
			sourceTree = "<group>";
		};
		8DFF0BEF2789D15B002586F3 /* View Models */ = {
			isa = PBXGroup;
			children = (
				8DFF0BF02789D167002586F3 /* TripListViewModel.swift */,
			);
			path = "View Models";
			sourceTree = "<group>";
		};
		8DFF0BF22789D200002586F3 /* Extensions */ = {
			isa = PBXGroup;
			children = (
				8DFF0BF32789D21F002586F3 /* Dictionary+Extensions.swift */,
				8DFF0BFA278A304E002586F3 /* View+Extensions.swift */,
				8DFF0C0F278B4999002586F3 /* Array+Extension.swift */,
			);
			path = Extensions;
			sourceTree = "<group>";
		};
		8DFF0BF5278A2F4D002586F3 /* UI Models */ = {
			isa = PBXGroup;
			children = (
				8DFF0BF6278A2F5C002586F3 /* HeaderImageUIModel.swift */,
				8DFF0C01278A4280002586F3 /* DetailRowUIModel.swift */,
				8DFF0C09278B29C7002586F3 /* ListUIModel.swift */,
				8DFF0C0B278B2A64002586F3 /* ListItemUIModel.swift */,
				8DFF0C11278B4BE6002586F3 /* ArtworkRowUIModel.swift */,
			);
			path = "UI Models";
			sourceTree = "<group>";
		};
		8DFF0BFC278A338E002586F3 /* Views */ = {
			isa = PBXGroup;
			children = (
				8DFF0BFD278A33AD002586F3 /* HeaderImageView.swift */,
				8DFF0C03278A42A8002586F3 /* DetailRowView.swift */,
				8DFF0C13278B4C38002586F3 /* ArtworkRowView.swift */,
			);
			path = Views;
			sourceTree = "<group>";
		};
/* End PBXGroup section */

/* Begin PBXNativeTarget section */
		8DFF0BCA2789C75B002586F3 /* Trips */ = {
			isa = PBXNativeTarget;
			buildConfigurationList = 8DFF0BD92789C75C002586F3 /* Build configuration list for PBXNativeTarget "Trips" */;
			buildPhases = (
				8DFF0BC72789C75B002586F3 /* Sources */,
				8DFF0BC82789C75B002586F3 /* Frameworks */,
				8DFF0BC92789C75B002586F3 /* Resources */,
			);
			buildRules = (
			);
			dependencies = (
			);
			name = Trips;
			productName = Trips;
			productReference = 8DFF0BCB2789C75B002586F3 /* Trips.app */;
			productType = "com.apple.product-type.application";
		};
/* End PBXNativeTarget section */

/* Begin PBXProject section */
		8DFF0BC32789C75B002586F3 /* Project object */ = {
			isa = PBXProject;
			attributes = {
				BuildIndependentTargetsInParallel = 1;
				LastSwiftUpdateCheck = 1310;
				LastUpgradeCheck = 1310;
				TargetAttributes = {
					8DFF0BCA2789C75B002586F3 = {
						CreatedOnToolsVersion = 13.1;
					};
				};
			};
			buildConfigurationList = 8DFF0BC62789C75B002586F3 /* Build configuration list for PBXProject "Trips" */;
			compatibilityVersion = "Xcode 13.0";
			developmentRegion = en;
			hasScannedForEncodings = 0;
			knownRegions = (
				en,
				Base,
			);
			mainGroup = 8DFF0BC22789C75B002586F3;
			productRefGroup = 8DFF0BCC2789C75B002586F3 /* Products */;
			projectDirPath = "";
			projectRoot = "";
			targets = (
				8DFF0BCA2789C75B002586F3 /* Trips */,
			);
		};
/* End PBXProject section */

/* Begin PBXResourcesBuildPhase section */
		8DFF0BC92789C75B002586F3 /* Resources */ = {
			isa = PBXResourcesBuildPhase;
			buildActionMask = 2147483647;
			files = (
				8DFF0C08278A65D7002586F3 /* trip-list-screen-backup.json in Resources */,
				8DFF0BD62789C75C002586F3 /* Preview Assets.xcassets in Resources */,
				8DFF0BD32789C75C002586F3 /* Assets.xcassets in Resources */,
				8DFF0BDD2789C8A5002586F3 /* trip-list-screen.json in Resources */,
			);
			runOnlyForDeploymentPostprocessing = 0;
		};
/* End PBXResourcesBuildPhase section */

/* Begin PBXSourcesBuildPhase section */
		8DFF0BC72789C75B002586F3 /* Sources */ = {
			isa = PBXSourcesBuildPhase;
			buildActionMask = 2147483647;
			files = (
				8DFF0BF7278A2F5C002586F3 /* HeaderImageUIModel.swift in Sources */,
				8DFF0BE92789CA80002586F3 /* UIComponent.swift in Sources */,
				8DFF0BF9278A3026002586F3 /* HeaderImage.swift in Sources */,
				8DFF0C00278A425C002586F3 /* DetailRow.swift in Sources */,
				8DFF0C04278A42A8002586F3 /* DetailRowView.swift in Sources */,
				8DFF0BFE278A33AD002586F3 /* HeaderImageView.swift in Sources */,
				8DFF0BE02789C8C9002586F3 /* TripListScreen.swift in Sources */,
				8DFF0BEE2789CC01002586F3 /* ComponentLayout.swift in Sources */,
				8DFF0BF12789D167002586F3 /* TripListViewModel.swift in Sources */,
				8DFF0BE72789CA46002586F3 /* ScreenLayout.swift in Sources */,
				8DFF0BEC2789CAD1002586F3 /* Constants.swift in Sources */,
				8DFF0C12278B4BE6002586F3 /* ArtworkRowUIModel.swift in Sources */,
				8DFF0C14278B4C38002586F3 /* ArtworkRowView.swift in Sources */,
				8DFF0BF42789D21F002586F3 /* Dictionary+Extensions.swift in Sources */,
				8DFF0BE42789CA01002586F3 /* Webservice.swift in Sources */,
				8DFF0C0E278B2B65002586F3 /* FlatList.swift in Sources */,
				8DFF0C06278A453E002586F3 /* AnyDecodable.swift in Sources */,
				8DFF0BFB278A304E002586F3 /* View+Extensions.swift in Sources */,
				8DFF0C10278B4999002586F3 /* Array+Extension.swift in Sources */,
				8DFF0C0A278B29C7002586F3 /* ListUIModel.swift in Sources */,
				8DFF0C02278A4280002586F3 /* DetailRowUIModel.swift in Sources */,
				8DFF0BCF2789C75B002586F3 /* TripsApp.swift in Sources */,
				8DFF0C0C278B2A64002586F3 /* ListItemUIModel.swift in Sources */,
			);
			runOnlyForDeploymentPostprocessing = 0;
		};
/* End PBXSourcesBuildPhase section */

/* Begin XCBuildConfiguration section */
		8DFF0BD72789C75C002586F3 /* Debug */ = {
			isa = XCBuildConfiguration;
			buildSettings = {
				ALWAYS_SEARCH_USER_PATHS = NO;
				CLANG_ANALYZER_NONNULL = YES;
				CLANG_ANALYZER_NUMBER_OBJECT_CONVERSION = YES_AGGRESSIVE;
				CLANG_CXX_LANGUAGE_STANDARD = "gnu++17";
				CLANG_CXX_LIBRARY = "libc++";
				CLANG_ENABLE_MODULES = YES;
				CLANG_ENABLE_OBJC_ARC = YES;
				CLANG_ENABLE_OBJC_WEAK = YES;
				CLANG_WARN_BLOCK_CAPTURE_AUTORELEASING = YES;
				CLANG_WARN_BOOL_CONVERSION = YES;
				CLANG_WARN_COMMA = YES;
				CLANG_WARN_CONSTANT_CONVERSION = YES;
				CLANG_WARN_DEPRECATED_OBJC_IMPLEMENTATIONS = YES;
				CLANG_WARN_DIRECT_OBJC_ISA_USAGE = YES_ERROR;
				CLANG_WARN_DOCUMENTATION_COMMENTS = YES;
				CLANG_WARN_EMPTY_BODY = YES;
				CLANG_WARN_ENUM_CONVERSION = YES;
				CLANG_WARN_INFINITE_RECURSION = YES;
				CLANG_WARN_INT_CONVERSION = YES;
				CLANG_WARN_NON_LITERAL_NULL_CONVERSION = YES;
				CLANG_WARN_OBJC_IMPLICIT_RETAIN_SELF = YES;
				CLANG_WARN_OBJC_LITERAL_CONVERSION = YES;
				CLANG_WARN_OBJC_ROOT_CLASS = YES_ERROR;
				CLANG_WARN_QUOTED_INCLUDE_IN_FRAMEWORK_HEADER = YES;
				CLANG_WARN_RANGE_LOOP_ANALYSIS = YES;
				CLANG_WARN_STRICT_PROTOTYPES = YES;
				CLANG_WARN_SUSPICIOUS_MOVE = YES;
				CLANG_WARN_UNGUARDED_AVAILABILITY = YES_AGGRESSIVE;
				CLANG_WARN_UNREACHABLE_CODE = YES;
				CLANG_WARN__DUPLICATE_METHOD_MATCH = YES;
				COPY_PHASE_STRIP = NO;
				DEBUG_INFORMATION_FORMAT = dwarf;
				ENABLE_STRICT_OBJC_MSGSEND = YES;
				ENABLE_TESTABILITY = YES;
				GCC_C_LANGUAGE_STANDARD = gnu11;
				GCC_DYNAMIC_NO_PIC = NO;
				GCC_NO_COMMON_BLOCKS = YES;
				GCC_OPTIMIZATION_LEVEL = 0;
				GCC_PREPROCESSOR_DEFINITIONS = (
					"DEBUG=1",
					"$(inherited)",
				);
				GCC_WARN_64_TO_32_BIT_CONVERSION = YES;
				GCC_WARN_ABOUT_RETURN_TYPE = YES_ERROR;
				GCC_WARN_UNDECLARED_SELECTOR = YES;
				GCC_WARN_UNINITIALIZED_AUTOS = YES_AGGRESSIVE;
				GCC_WARN_UNUSED_FUNCTION = YES;
				GCC_WARN_UNUSED_VARIABLE = YES;
				IPHONEOS_DEPLOYMENT_TARGET = 15.0;
				MTL_ENABLE_DEBUG_INFO = INCLUDE_SOURCE;
				MTL_FAST_MATH = YES;
				ONLY_ACTIVE_ARCH = YES;
				SDKROOT = iphoneos;
				SWIFT_ACTIVE_COMPILATION_CONDITIONS = DEBUG;
				SWIFT_OPTIMIZATION_LEVEL = "-Onone";
			};
			name = Debug;
		};
		8DFF0BD82789C75C002586F3 /* Release */ = {
			isa = XCBuildConfiguration;
			buildSettings = {
				ALWAYS_SEARCH_USER_PATHS = NO;
				CLANG_ANALYZER_NONNULL = YES;
				CLANG_ANALYZER_NUMBER_OBJECT_CONVERSION = YES_AGGRESSIVE;
				CLANG_CXX_LANGUAGE_STANDARD = "gnu++17";
				CLANG_CXX_LIBRARY = "libc++";
				CLANG_ENABLE_MODULES = YES;
				CLANG_ENABLE_OBJC_ARC = YES;
				CLANG_ENABLE_OBJC_WEAK = YES;
				CLANG_WARN_BLOCK_CAPTURE_AUTORELEASING = YES;
				CLANG_WARN_BOOL_CONVERSION = YES;
				CLANG_WARN_COMMA = YES;
				CLANG_WARN_CONSTANT_CONVERSION = YES;
				CLANG_WARN_DEPRECATED_OBJC_IMPLEMENTATIONS = YES;
				CLANG_WARN_DIRECT_OBJC_ISA_USAGE = YES_ERROR;
				CLANG_WARN_DOCUMENTATION_COMMENTS = YES;
				CLANG_WARN_EMPTY_BODY = YES;
				CLANG_WARN_ENUM_CONVERSION = YES;
				CLANG_WARN_INFINITE_RECURSION = YES;
				CLANG_WARN_INT_CONVERSION = YES;
				CLANG_WARN_NON_LITERAL_NULL_CONVERSION = YES;
				CLANG_WARN_OBJC_IMPLICIT_RETAIN_SELF = YES;
				CLANG_WARN_OBJC_LITERAL_CONVERSION = YES;
				CLANG_WARN_OBJC_ROOT_CLASS = YES_ERROR;
				CLANG_WARN_QUOTED_INCLUDE_IN_FRAMEWORK_HEADER = YES;
				CLANG_WARN_RANGE_LOOP_ANALYSIS = YES;
				CLANG_WARN_STRICT_PROTOTYPES = YES;
				CLANG_WARN_SUSPICIOUS_MOVE = YES;
				CLANG_WARN_UNGUARDED_AVAILABILITY = YES_AGGRESSIVE;
				CLANG_WARN_UNREACHABLE_CODE = YES;
				CLANG_WARN__DUPLICATE_METHOD_MATCH = YES;
				COPY_PHASE_STRIP = NO;
				DEBUG_INFORMATION_FORMAT = "dwarf-with-dsym";
				ENABLE_NS_ASSERTIONS = NO;
				ENABLE_STRICT_OBJC_MSGSEND = YES;
				GCC_C_LANGUAGE_STANDARD = gnu11;
				GCC_NO_COMMON_BLOCKS = YES;
				GCC_WARN_64_TO_32_BIT_CONVERSION = YES;
				GCC_WARN_ABOUT_RETURN_TYPE = YES_ERROR;
				GCC_WARN_UNDECLARED_SELECTOR = YES;
				GCC_WARN_UNINITIALIZED_AUTOS = YES_AGGRESSIVE;
				GCC_WARN_UNUSED_FUNCTION = YES;
				GCC_WARN_UNUSED_VARIABLE = YES;
				IPHONEOS_DEPLOYMENT_TARGET = 15.0;
				MTL_ENABLE_DEBUG_INFO = NO;
				MTL_FAST_MATH = YES;
				SDKROOT = iphoneos;
				SWIFT_COMPILATION_MODE = wholemodule;
				SWIFT_OPTIMIZATION_LEVEL = "-O";
				VALIDATE_PRODUCT = YES;
			};
			name = Release;
		};
		8DFF0BDA2789C75C002586F3 /* Debug */ = {
			isa = XCBuildConfiguration;
			buildSettings = {
				ASSETCATALOG_COMPILER_APPICON_NAME = AppIcon;
				ASSETCATALOG_COMPILER_GLOBAL_ACCENT_COLOR_NAME = AccentColor;
				CODE_SIGN_STYLE = Automatic;
				CURRENT_PROJECT_VERSION = 1;
				DEVELOPMENT_ASSET_PATHS = "\"Trips/Preview Content\"";
				DEVELOPMENT_TEAM = B2Q8EGNCQA;
				ENABLE_PREVIEWS = YES;
				GENERATE_INFOPLIST_FILE = YES;
				INFOPLIST_KEY_UIApplicationSceneManifest_Generation = YES;
				INFOPLIST_KEY_UIApplicationSupportsIndirectInputEvents = YES;
				INFOPLIST_KEY_UILaunchScreen_Generation = YES;
				INFOPLIST_KEY_UISupportedInterfaceOrientations_iPad = "UIInterfaceOrientationPortrait UIInterfaceOrientationPortraitUpsideDown UIInterfaceOrientationLandscapeLeft UIInterfaceOrientationLandscapeRight";
				INFOPLIST_KEY_UISupportedInterfaceOrientations_iPhone = "UIInterfaceOrientationPortrait UIInterfaceOrientationLandscapeLeft UIInterfaceOrientationLandscapeRight";
				LD_RUNPATH_SEARCH_PATHS = (
					"$(inherited)",
					"@executable_path/Frameworks",
				);
				MARKETING_VERSION = 1.0;
				PRODUCT_BUNDLE_IDENTIFIER = com.azamsharp.Trips;
				PRODUCT_NAME = "$(TARGET_NAME)";
				SWIFT_EMIT_LOC_STRINGS = YES;
				SWIFT_VERSION = 5.0;
				TARGETED_DEVICE_FAMILY = "1,2";
			};
			name = Debug;
		};
		8DFF0BDB2789C75C002586F3 /* Release */ = {
			isa = XCBuildConfiguration;
			buildSettings = {
				ASSETCATALOG_COMPILER_APPICON_NAME = AppIcon;
				ASSETCATALOG_COMPILER_GLOBAL_ACCENT_COLOR_NAME = AccentColor;
				CODE_SIGN_STYLE = Automatic;
				CURRENT_PROJECT_VERSION = 1;
				DEVELOPMENT_ASSET_PATHS = "\"Trips/Preview Content\"";
				DEVELOPMENT_TEAM = B2Q8EGNCQA;
				ENABLE_PREVIEWS = YES;
				GENERATE_INFOPLIST_FILE = YES;
				INFOPLIST_KEY_UIApplicationSceneManifest_Generation = YES;
				INFOPLIST_KEY_UIApplicationSupportsIndirectInputEvents = YES;
				INFOPLIST_KEY_UILaunchScreen_Generation = YES;
				INFOPLIST_KEY_UISupportedInterfaceOrientations_iPad = "UIInterfaceOrientationPortrait UIInterfaceOrientationPortraitUpsideDown UIInterfaceOrientationLandscapeLeft UIInterfaceOrientationLandscapeRight";
				INFOPLIST_KEY_UISupportedInterfaceOrientations_iPhone = "UIInterfaceOrientationPortrait UIInterfaceOrientationLandscapeLeft UIInterfaceOrientationLandscapeRight";
				LD_RUNPATH_SEARCH_PATHS = (
					"$(inherited)",
					"@executable_path/Frameworks",
				);
				MARKETING_VERSION = 1.0;
				PRODUCT_BUNDLE_IDENTIFIER = com.azamsharp.Trips;
				PRODUCT_NAME = "$(TARGET_NAME)";
				SWIFT_EMIT_LOC_STRINGS = YES;
				SWIFT_VERSION = 5.0;
				TARGETED_DEVICE_FAMILY = "1,2";
			};
			name = Release;
		};
/* End XCBuildConfiguration section */

/* Begin XCConfigurationList section */
		8DFF0BC62789C75B002586F3 /* Build configuration list for PBXProject "Trips" */ = {
			isa = XCConfigurationList;
			buildConfigurations = (
				8DFF0BD72789C75C002586F3 /* Debug */,
				8DFF0BD82789C75C002586F3 /* Release */,
			);
			defaultConfigurationIsVisible = 0;
			defaultConfigurationName = Release;
		};
		8DFF0BD92789C75C002586F3 /* Build configuration list for PBXNativeTarget "Trips" */ = {
			isa = XCConfigurationList;
			buildConfigurations = (
				8DFF0BDA2789C75C002586F3 /* Debug */,
				8DFF0BDB2789C75C002586F3 /* Release */,
			);
			defaultConfigurationIsVisible = 0;
			defaultConfigurationName = Release;
		};
/* End XCConfigurationList section */
	};
	rootObject = 8DFF0BC32789C75B002586F3 /* Project object */;
}
